// !$*UTF8*$!
{
	archiveVersion = 1;
	classes = {
	};
	objectVersion = 46;
	objects = {

/* Begin PBXBuildFile section */
		270734131D8BA0D100547D83 /* AppDelegate.swift in Sources */ = {isa = PBXBuildFile; fileRef = 270734121D8BA0D100547D83 /* AppDelegate.swift */; };
		270734151D8BA0D100547D83 /* FirstViewController.swift in Sources */ = {isa = PBXBuildFile; fileRef = 270734141D8BA0D100547D83 /* FirstViewController.swift */; };
		270734171D8BA0D100547D83 /* SecondViewController.swift in Sources */ = {isa = PBXBuildFile; fileRef = 270734161D8BA0D100547D83 /* SecondViewController.swift */; };
		2707341A1D8BA0D100547D83 /* Main.storyboard in Resources */ = {isa = PBXBuildFile; fileRef = 270734181D8BA0D100547D83 /* Main.storyboard */; };
		2707341C1D8BA0D100547D83 /* Assets.xcassets in Resources */ = {isa = PBXBuildFile; fileRef = 2707341B1D8BA0D100547D83 /* Assets.xcassets */; };
		2707341F1D8BA0D100547D83 /* LaunchScreen.storyboard in Resources */ = {isa = PBXBuildFile; fileRef = 2707341D1D8BA0D100547D83 /* LaunchScreen.storyboard */; };
		2707342A1D8BA0D100547D83 /* SchedulerTests.swift in Sources */ = {isa = PBXBuildFile; fileRef = 270734291D8BA0D100547D83 /* SchedulerTests.swift */; };
		270734351D8BA0D100547D83 /* SchedulerUITests.swift in Sources */ = {isa = PBXBuildFile; fileRef = 270734341D8BA0D100547D83 /* SchedulerUITests.swift */; };
		270734431D8BA5BA00547D83 /* GoogleService-Info.plist in Resources */ = {isa = PBXBuildFile; fileRef = 270734421D8BA5BA00547D83 /* GoogleService-Info.plist */; };
		270734441D8BA5BA00547D83 /* GoogleService-Info.plist in Resources */ = {isa = PBXBuildFile; fileRef = 270734421D8BA5BA00547D83 /* GoogleService-Info.plist */; };
		270734451D8BA5BA00547D83 /* GoogleService-Info.plist in Resources */ = {isa = PBXBuildFile; fileRef = 270734421D8BA5BA00547D83 /* GoogleService-Info.plist */; };
		716342ACD5361F1AB96AFC3B /* Pods_SchedulerUITests.framework in Frameworks */ = {isa = PBXBuildFile; fileRef = A2A454411BCD7AA5CA99FEFB /* Pods_SchedulerUITests.framework */; };
		A243E348DCEA3F4530A101EF /* Pods_SchedulerTests.framework in Frameworks */ = {isa = PBXBuildFile; fileRef = 4BC5566479FBEC4015888D96 /* Pods_SchedulerTests.framework */; };
		ABA162C1DFD1310A76460065 /* Pods_Scheduler.framework in Frameworks */ = {isa = PBXBuildFile; fileRef = FC833378F0653D7F5985B4B5 /* Pods_Scheduler.framework */; };
/* End PBXBuildFile section */

/* Begin PBXContainerItemProxy section */
		270734261D8BA0D100547D83 /* PBXContainerItemProxy */ = {
			isa = PBXContainerItemProxy;
			containerPortal = 270734071D8BA0D100547D83 /* Project object */;
			proxyType = 1;
			remoteGlobalIDString = 2707340E1D8BA0D100547D83;
			remoteInfo = Scheduler;
		};
		270734311D8BA0D100547D83 /* PBXContainerItemProxy */ = {
			isa = PBXContainerItemProxy;
			containerPortal = 270734071D8BA0D100547D83 /* Project object */;
			proxyType = 1;
			remoteGlobalIDString = 2707340E1D8BA0D100547D83;
			remoteInfo = Scheduler;
		};
/* End PBXContainerItemProxy section */

/* Begin PBXFileReference section */
		08D4CC9A9B1A594EBE97042B /* Pods-SchedulerUITests.debug.xcconfig */ = {isa = PBXFileReference; includeInIndex = 1; lastKnownFileType = text.xcconfig; name = "Pods-SchedulerUITests.debug.xcconfig"; path = "Pods/Target Support Files/Pods-SchedulerUITests/Pods-SchedulerUITests.debug.xcconfig"; sourceTree = "<group>"; };
		1FA6856D7C969F72F9E90246 /* Pods-Scheduler.release.xcconfig */ = {isa = PBXFileReference; includeInIndex = 1; lastKnownFileType = text.xcconfig; name = "Pods-Scheduler.release.xcconfig"; path = "Pods/Target Support Files/Pods-Scheduler/Pods-Scheduler.release.xcconfig"; sourceTree = "<group>"; };
		2707340F1D8BA0D100547D83 /* Scheduler.app */ = {isa = PBXFileReference; explicitFileType = wrapper.application; includeInIndex = 0; path = Scheduler.app; sourceTree = BUILT_PRODUCTS_DIR; };
		270734121D8BA0D100547D83 /* AppDelegate.swift */ = {isa = PBXFileReference; lastKnownFileType = sourcecode.swift; path = AppDelegate.swift; sourceTree = "<group>"; };
		270734141D8BA0D100547D83 /* FirstViewController.swift */ = {isa = PBXFileReference; lastKnownFileType = sourcecode.swift; path = FirstViewController.swift; sourceTree = "<group>"; };
		270734161D8BA0D100547D83 /* SecondViewController.swift */ = {isa = PBXFileReference; lastKnownFileType = sourcecode.swift; path = SecondViewController.swift; sourceTree = "<group>"; };
		270734191D8BA0D100547D83 /* Base */ = {isa = PBXFileReference; lastKnownFileType = file.storyboard; name = Base; path = Base.lproj/Main.storyboard; sourceTree = "<group>"; };
		2707341B1D8BA0D100547D83 /* Assets.xcassets */ = {isa = PBXFileReference; lastKnownFileType = folder.assetcatalog; path = Assets.xcassets; sourceTree = "<group>"; };
		2707341E1D8BA0D100547D83 /* Base */ = {isa = PBXFileReference; lastKnownFileType = file.storyboard; name = Base; path = Base.lproj/LaunchScreen.storyboard; sourceTree = "<group>"; };
		270734201D8BA0D100547D83 /* Info.plist */ = {isa = PBXFileReference; lastKnownFileType = text.plist.xml; path = Info.plist; sourceTree = "<group>"; };
		270734251D8BA0D100547D83 /* SchedulerTests.xctest */ = {isa = PBXFileReference; explicitFileType = wrapper.cfbundle; includeInIndex = 0; path = SchedulerTests.xctest; sourceTree = BUILT_PRODUCTS_DIR; };
		270734291D8BA0D100547D83 /* SchedulerTests.swift */ = {isa = PBXFileReference; lastKnownFileType = sourcecode.swift; path = SchedulerTests.swift; sourceTree = "<group>"; };
		2707342B1D8BA0D100547D83 /* Info.plist */ = {isa = PBXFileReference; lastKnownFileType = text.plist.xml; path = Info.plist; sourceTree = "<group>"; };
		270734301D8BA0D100547D83 /* SchedulerUITests.xctest */ = {isa = PBXFileReference; explicitFileType = wrapper.cfbundle; includeInIndex = 0; path = SchedulerUITests.xctest; sourceTree = BUILT_PRODUCTS_DIR; };
		270734341D8BA0D100547D83 /* SchedulerUITests.swift */ = {isa = PBXFileReference; lastKnownFileType = sourcecode.swift; path = SchedulerUITests.swift; sourceTree = "<group>"; };
		270734361D8BA0D100547D83 /* Info.plist */ = {isa = PBXFileReference; lastKnownFileType = text.plist.xml; path = Info.plist; sourceTree = "<group>"; };
		270734421D8BA5BA00547D83 /* GoogleService-Info.plist */ = {isa = PBXFileReference; fileEncoding = 4; lastKnownFileType = text.plist.xml; path = "GoogleService-Info.plist"; sourceTree = "<group>"; };
		40CCDC38703A1B3047604A61 /* Pods-SchedulerUITests.release.xcconfig */ = {isa = PBXFileReference; includeInIndex = 1; lastKnownFileType = text.xcconfig; name = "Pods-SchedulerUITests.release.xcconfig"; path = "Pods/Target Support Files/Pods-SchedulerUITests/Pods-SchedulerUITests.release.xcconfig"; sourceTree = "<group>"; };
		4B08259A82093D2E1F20B95E /* Pods-SchedulerTests.release.xcconfig */ = {isa = PBXFileReference; includeInIndex = 1; lastKnownFileType = text.xcconfig; name = "Pods-SchedulerTests.release.xcconfig"; path = "Pods/Target Support Files/Pods-SchedulerTests/Pods-SchedulerTests.release.xcconfig"; sourceTree = "<group>"; };
		4BC5566479FBEC4015888D96 /* Pods_SchedulerTests.framework */ = {isa = PBXFileReference; explicitFileType = wrapper.framework; includeInIndex = 0; path = Pods_SchedulerTests.framework; sourceTree = BUILT_PRODUCTS_DIR; };
		8605F47E7A10DED3185F9B5B /* Pods-Scheduler.debug.xcconfig */ = {isa = PBXFileReference; includeInIndex = 1; lastKnownFileType = text.xcconfig; name = "Pods-Scheduler.debug.xcconfig"; path = "Pods/Target Support Files/Pods-Scheduler/Pods-Scheduler.debug.xcconfig"; sourceTree = "<group>"; };
		A2A454411BCD7AA5CA99FEFB /* Pods_SchedulerUITests.framework */ = {isa = PBXFileReference; explicitFileType = wrapper.framework; includeInIndex = 0; path = Pods_SchedulerUITests.framework; sourceTree = BUILT_PRODUCTS_DIR; };
		DA7FB830482A69422B31F215 /* Pods-SchedulerTests.debug.xcconfig */ = {isa = PBXFileReference; includeInIndex = 1; lastKnownFileType = text.xcconfig; name = "Pods-SchedulerTests.debug.xcconfig"; path = "Pods/Target Support Files/Pods-SchedulerTests/Pods-SchedulerTests.debug.xcconfig"; sourceTree = "<group>"; };
		FC833378F0653D7F5985B4B5 /* Pods_Scheduler.framework */ = {isa = PBXFileReference; explicitFileType = wrapper.framework; includeInIndex = 0; path = Pods_Scheduler.framework; sourceTree = BUILT_PRODUCTS_DIR; };
/* End PBXFileReference section */

/* Begin PBXFrameworksBuildPhase section */
		2707340C1D8BA0D100547D83 /* Frameworks */ = {
			isa = PBXFrameworksBuildPhase;
			buildActionMask = 2147483647;
			files = (
				ABA162C1DFD1310A76460065 /* Pods_Scheduler.framework in Frameworks */,
			);
			runOnlyForDeploymentPostprocessing = 0;
		};
		270734221D8BA0D100547D83 /* Frameworks */ = {
			isa = PBXFrameworksBuildPhase;
			buildActionMask = 2147483647;
			files = (
				A243E348DCEA3F4530A101EF /* Pods_SchedulerTests.framework in Frameworks */,
			);
			runOnlyForDeploymentPostprocessing = 0;
		};
		2707342D1D8BA0D100547D83 /* Frameworks */ = {
			isa = PBXFrameworksBuildPhase;
			buildActionMask = 2147483647;
			files = (
				716342ACD5361F1AB96AFC3B /* Pods_SchedulerUITests.framework in Frameworks */,
			);
			runOnlyForDeploymentPostprocessing = 0;
		};
/* End PBXFrameworksBuildPhase section */

/* Begin PBXGroup section */
		270734061D8BA0D100547D83 = {
			isa = PBXGroup;
			children = (
				270734111D8BA0D100547D83 /* Scheduler */,
				270734281D8BA0D100547D83 /* SchedulerTests */,
				270734331D8BA0D100547D83 /* SchedulerUITests */,
				270734101D8BA0D100547D83 /* Products */,
				9BC24D98BD8CC5730C008BB9 /* Pods */,
				2D32B0CE7EDDAF3E20132F96 /* Frameworks */,
			);
			sourceTree = "<group>";
		};
		270734101D8BA0D100547D83 /* Products */ = {
			isa = PBXGroup;
			children = (
				2707340F1D8BA0D100547D83 /* Scheduler.app */,
				270734251D8BA0D100547D83 /* SchedulerTests.xctest */,
				270734301D8BA0D100547D83 /* SchedulerUITests.xctest */,
			);
			name = Products;
			sourceTree = "<group>";
		};
		270734111D8BA0D100547D83 /* Scheduler */ = {
			isa = PBXGroup;
			children = (
				270734121D8BA0D100547D83 /* AppDelegate.swift */,
				270734141D8BA0D100547D83 /* FirstViewController.swift */,
				270734161D8BA0D100547D83 /* SecondViewController.swift */,
				270734181D8BA0D100547D83 /* Main.storyboard */,
				2707341B1D8BA0D100547D83 /* Assets.xcassets */,
				2707341D1D8BA0D100547D83 /* LaunchScreen.storyboard */,
				270734201D8BA0D100547D83 /* Info.plist */,
				270734421D8BA5BA00547D83 /* GoogleService-Info.plist */,
			);
			path = Scheduler;
			sourceTree = "<group>";
		};
		270734281D8BA0D100547D83 /* SchedulerTests */ = {
			isa = PBXGroup;
			children = (
				270734291D8BA0D100547D83 /* SchedulerTests.swift */,
				2707342B1D8BA0D100547D83 /* Info.plist */,
			);
			path = SchedulerTests;
			sourceTree = "<group>";
		};
		270734331D8BA0D100547D83 /* SchedulerUITests */ = {
			isa = PBXGroup;
			children = (
				270734341D8BA0D100547D83 /* SchedulerUITests.swift */,
				270734361D8BA0D100547D83 /* Info.plist */,
			);
			path = SchedulerUITests;
			sourceTree = "<group>";
		};
		2D32B0CE7EDDAF3E20132F96 /* Frameworks */ = {
			isa = PBXGroup;
			children = (
				FC833378F0653D7F5985B4B5 /* Pods_Scheduler.framework */,
				4BC5566479FBEC4015888D96 /* Pods_SchedulerTests.framework */,
				A2A454411BCD7AA5CA99FEFB /* Pods_SchedulerUITests.framework */,
			);
			name = Frameworks;
			sourceTree = "<group>";
		};
		9BC24D98BD8CC5730C008BB9 /* Pods */ = {
			isa = PBXGroup;
			children = (
				8605F47E7A10DED3185F9B5B /* Pods-Scheduler.debug.xcconfig */,
				1FA6856D7C969F72F9E90246 /* Pods-Scheduler.release.xcconfig */,
				DA7FB830482A69422B31F215 /* Pods-SchedulerTests.debug.xcconfig */,
				4B08259A82093D2E1F20B95E /* Pods-SchedulerTests.release.xcconfig */,
				08D4CC9A9B1A594EBE97042B /* Pods-SchedulerUITests.debug.xcconfig */,
				40CCDC38703A1B3047604A61 /* Pods-SchedulerUITests.release.xcconfig */,
			);
			name = Pods;
			sourceTree = "<group>";
		};
/* End PBXGroup section */

/* Begin PBXNativeTarget section */
		2707340E1D8BA0D100547D83 /* Scheduler */ = {
			isa = PBXNativeTarget;
			buildConfigurationList = 270734391D8BA0D100547D83 /* Build configuration list for PBXNativeTarget "Scheduler" */;
			buildPhases = (
				7E489FE26237A81AE7A6120F /* 📦 Check Pods Manifest.lock */,
				2707340B1D8BA0D100547D83 /* Sources */,
				2707340C1D8BA0D100547D83 /* Frameworks */,
				2707340D1D8BA0D100547D83 /* Resources */,
				113CE55E12873A88E2CCE7CF /* 📦 Embed Pods Frameworks */,
				E4C1C850587258EC7003C481 /* 📦 Copy Pods Resources */,
			);
			buildRules = (
			);
			dependencies = (
			);
			name = Scheduler;
			productName = Scheduler;
			productReference = 2707340F1D8BA0D100547D83 /* Scheduler.app */;
			productType = "com.apple.product-type.application";
		};
		270734241D8BA0D100547D83 /* SchedulerTests */ = {
			isa = PBXNativeTarget;
			buildConfigurationList = 2707343C1D8BA0D100547D83 /* Build configuration list for PBXNativeTarget "SchedulerTests" */;
			buildPhases = (
				7325B99E7B3A95AD8129F824 /* 📦 Check Pods Manifest.lock */,
				270734211D8BA0D100547D83 /* Sources */,
				270734221D8BA0D100547D83 /* Frameworks */,
				270734231D8BA0D100547D83 /* Resources */,
				D002BC7D7E9262EC82F9BFEC /* 📦 Embed Pods Frameworks */,
				7284B6DFD9A9494D613555CC /* 📦 Copy Pods Resources */,
			);
			buildRules = (
			);
			dependencies = (
				270734271D8BA0D100547D83 /* PBXTargetDependency */,
			);
			name = SchedulerTests;
			productName = SchedulerTests;
			productReference = 270734251D8BA0D100547D83 /* SchedulerTests.xctest */;
			productType = "com.apple.product-type.bundle.unit-test";
		};
		2707342F1D8BA0D100547D83 /* SchedulerUITests */ = {
			isa = PBXNativeTarget;
			buildConfigurationList = 2707343F1D8BA0D100547D83 /* Build configuration list for PBXNativeTarget "SchedulerUITests" */;
			buildPhases = (
				BC9EA65B34B6818EECF28129 /* 📦 Check Pods Manifest.lock */,
				2707342C1D8BA0D100547D83 /* Sources */,
				2707342D1D8BA0D100547D83 /* Frameworks */,
				2707342E1D8BA0D100547D83 /* Resources */,
				4EA79B5B69406D156BB1E1B0 /* 📦 Copy Pods Resources */,
			);
			buildRules = (
			);
			dependencies = (
				270734321D8BA0D100547D83 /* PBXTargetDependency */,
			);
			name = SchedulerUITests;
			productName = SchedulerUITests;
			productReference = 270734301D8BA0D100547D83 /* SchedulerUITests.xctest */;
			productType = "com.apple.product-type.bundle.ui-testing";
		};
/* End PBXNativeTarget section */

/* Begin PBXProject section */
		270734071D8BA0D100547D83 /* Project object */ = {
			isa = PBXProject;
			attributes = {
				LastSwiftUpdateCheck = 0730;
				LastUpgradeCheck = 0730;
				ORGANIZATIONNAME = "Vishnu Thiagarajan";
				TargetAttributes = {
					2707340E1D8BA0D100547D83 = {
						CreatedOnToolsVersion = 7.3.1;
						DevelopmentTeam = BZUT6R4FFD;
					};
					270734241D8BA0D100547D83 = {
						CreatedOnToolsVersion = 7.3.1;
						DevelopmentTeam = BZUT6R4FFD;
						TestTargetID = 2707340E1D8BA0D100547D83;
					};
					2707342F1D8BA0D100547D83 = {
						CreatedOnToolsVersion = 7.3.1;
						DevelopmentTeam = BZUT6R4FFD;
						TestTargetID = 2707340E1D8BA0D100547D83;
					};
				};
			};
			buildConfigurationList = 2707340A1D8BA0D100547D83 /* Build configuration list for PBXProject "Scheduler" */;
			compatibilityVersion = "Xcode 3.2";
			developmentRegion = English;
			hasScannedForEncodings = 0;
			knownRegions = (
				en,
				Base,
			);
			mainGroup = 270734061D8BA0D100547D83;
			productRefGroup = 270734101D8BA0D100547D83 /* Products */;
			projectDirPath = "";
			projectRoot = "";
			targets = (
				2707340E1D8BA0D100547D83 /* Scheduler */,
				270734241D8BA0D100547D83 /* SchedulerTests */,
				2707342F1D8BA0D100547D83 /* SchedulerUITests */,
			);
		};
/* End PBXProject section */

/* Begin PBXResourcesBuildPhase section */
		2707340D1D8BA0D100547D83 /* Resources */ = {
			isa = PBXResourcesBuildPhase;
			buildActionMask = 2147483647;
			files = (
				2707341F1D8BA0D100547D83 /* LaunchScreen.storyboard in Resources */,
				270734431D8BA5BA00547D83 /* GoogleService-Info.plist in Resources */,
				2707341C1D8BA0D100547D83 /* Assets.xcassets in Resources */,
				2707341A1D8BA0D100547D83 /* Main.storyboard in Resources */,
			);
			runOnlyForDeploymentPostprocessing = 0;
		};
		270734231D8BA0D100547D83 /* Resources */ = {
			isa = PBXResourcesBuildPhase;
			buildActionMask = 2147483647;
			files = (
				270734441D8BA5BA00547D83 /* GoogleService-Info.plist in Resources */,
			);
			runOnlyForDeploymentPostprocessing = 0;
		};
		2707342E1D8BA0D100547D83 /* Resources */ = {
			isa = PBXResourcesBuildPhase;
			buildActionMask = 2147483647;
			files = (
				270734451D8BA5BA00547D83 /* GoogleService-Info.plist in Resources */,
			);
			runOnlyForDeploymentPostprocessing = 0;
		};
/* End PBXResourcesBuildPhase section */

/* Begin PBXShellScriptBuildPhase section */
		113CE55E12873A88E2CCE7CF /* 📦 Embed Pods Frameworks */ = {
			isa = PBXShellScriptBuildPhase;
			buildActionMask = 2147483647;
			files = (
			);
			inputPaths = (
			);
			name = "📦 Embed Pods Frameworks";
			outputPaths = (
			);
			runOnlyForDeploymentPostprocessing = 0;
			shellPath = /bin/sh;
			shellScript = "\"${SRCROOT}/Pods/Target Support Files/Pods-Scheduler/Pods-Scheduler-frameworks.sh\"\n";
			showEnvVarsInLog = 0;
		};
		4EA79B5B69406D156BB1E1B0 /* 📦 Copy Pods Resources */ = {
			isa = PBXShellScriptBuildPhase;
			buildActionMask = 2147483647;
			files = (
			);
			inputPaths = (
			);
			name = "📦 Copy Pods Resources";
			outputPaths = (
			);
			runOnlyForDeploymentPostprocessing = 0;
			shellPath = /bin/sh;
			shellScript = "\"${SRCROOT}/Pods/Target Support Files/Pods-SchedulerUITests/Pods-SchedulerUITests-resources.sh\"\n";
			showEnvVarsInLog = 0;
		};
		7284B6DFD9A9494D613555CC /* 📦 Copy Pods Resources */ = {
			isa = PBXShellScriptBuildPhase;
			buildActionMask = 2147483647;
			files = (
			);
			inputPaths = (
			);
			name = "📦 Copy Pods Resources";
			outputPaths = (
			);
			runOnlyForDeploymentPostprocessing = 0;
			shellPath = /bin/sh;
			shellScript = "\"${SRCROOT}/Pods/Target Support Files/Pods-SchedulerTests/Pods-SchedulerTests-resources.sh\"\n";
			showEnvVarsInLog = 0;
		};
		7325B99E7B3A95AD8129F824 /* 📦 Check Pods Manifest.lock */ = {
			isa = PBXShellScriptBuildPhase;
			buildActionMask = 2147483647;
			files = (
			);
			inputPaths = (
			);
			name = "📦 Check Pods Manifest.lock";
			outputPaths = (
			);
			runOnlyForDeploymentPostprocessing = 0;
			shellPath = /bin/sh;
			shellScript = "diff \"${PODS_ROOT}/../Podfile.lock\" \"${PODS_ROOT}/Manifest.lock\" > /dev/null\nif [[ $? != 0 ]] ; then\n    cat << EOM\nerror: The sandbox is not in sync with the Podfile.lock. Run 'pod install' or update your CocoaPods installation.\nEOM\n    exit 1\nfi\n";
			showEnvVarsInLog = 0;
		};
		7E489FE26237A81AE7A6120F /* 📦 Check Pods Manifest.lock */ = {
			isa = PBXShellScriptBuildPhase;
			buildActionMask = 2147483647;
			files = (
			);
			inputPaths = (
			);
			name = "📦 Check Pods Manifest.lock";
			outputPaths = (
			);
			runOnlyForDeploymentPostprocessing = 0;
			shellPath = /bin/sh;
			shellScript = "diff \"${PODS_ROOT}/../Podfile.lock\" \"${PODS_ROOT}/Manifest.lock\" > /dev/null\nif [[ $? != 0 ]] ; then\n    cat << EOM\nerror: The sandbox is not in sync with the Podfile.lock. Run 'pod install' or update your CocoaPods installation.\nEOM\n    exit 1\nfi\n";
			showEnvVarsInLog = 0;
		};
		BC9EA65B34B6818EECF28129 /* 📦 Check Pods Manifest.lock */ = {
			isa = PBXShellScriptBuildPhase;
			buildActionMask = 2147483647;
			files = (
			);
			inputPaths = (
			);
			name = "📦 Check Pods Manifest.lock";
			outputPaths = (
			);
			runOnlyForDeploymentPostprocessing = 0;
			shellPath = /bin/sh;
			shellScript = "diff \"${PODS_ROOT}/../Podfile.lock\" \"${PODS_ROOT}/Manifest.lock\" > /dev/null\nif [[ $? != 0 ]] ; then\n    cat << EOM\nerror: The sandbox is not in sync with the Podfile.lock. Run 'pod install' or update your CocoaPods installation.\nEOM\n    exit 1\nfi\n";
			showEnvVarsInLog = 0;
		};
		D002BC7D7E9262EC82F9BFEC /* 📦 Embed Pods Frameworks */ = {
			isa = PBXShellScriptBuildPhase;
			buildActionMask = 2147483647;
			files = (
			);
			inputPaths = (
			);
			name = "📦 Embed Pods Frameworks";
			outputPaths = (
			);
			runOnlyForDeploymentPostprocessing = 0;
			shellPath = /bin/sh;
			shellScript = "\"${SRCROOT}/Pods/Target Support Files/Pods-SchedulerTests/Pods-SchedulerTests-frameworks.sh\"\n";
			showEnvVarsInLog = 0;
		};
		E4C1C850587258EC7003C481 /* 📦 Copy Pods Resources */ = {
			isa = PBXShellScriptBuildPhase;
			buildActionMask = 2147483647;
			files = (
			);
			inputPaths = (
			);
			name = "📦 Copy Pods Resources";
			outputPaths = (
			);
			runOnlyForDeploymentPostprocessing = 0;
			shellPath = /bin/sh;
			shellScript = "\"${SRCROOT}/Pods/Target Support Files/Pods-Scheduler/Pods-Scheduler-resources.sh\"\n";
			showEnvVarsInLog = 0;
		};
/* End PBXShellScriptBuildPhase section */

/* Begin PBXSourcesBuildPhase section */
		2707340B1D8BA0D100547D83 /* Sources */ = {
			isa = PBXSourcesBuildPhase;
			buildActionMask = 2147483647;
			files = (
				270734171D8BA0D100547D83 /* SecondViewController.swift in Sources */,
				270734131D8BA0D100547D83 /* AppDelegate.swift in Sources */,
				270734151D8BA0D100547D83 /* FirstViewController.swift in Sources */,
			);
			runOnlyForDeploymentPostprocessing = 0;
		};
		270734211D8BA0D100547D83 /* Sources */ = {
			isa = PBXSourcesBuildPhase;
			buildActionMask = 2147483647;
			files = (
				2707342A1D8BA0D100547D83 /* SchedulerTests.swift in Sources */,
			);
			runOnlyForDeploymentPostprocessing = 0;
		};
		2707342C1D8BA0D100547D83 /* Sources */ = {
			isa = PBXSourcesBuildPhase;
			buildActionMask = 2147483647;
			files = (
				270734351D8BA0D100547D83 /* SchedulerUITests.swift in Sources */,
			);
			runOnlyForDeploymentPostprocessing = 0;
		};
/* End PBXSourcesBuildPhase section */

/* Begin PBXTargetDependency section */
		270734271D8BA0D100547D83 /* PBXTargetDependency */ = {
			isa = PBXTargetDependency;
			target = 2707340E1D8BA0D100547D83 /* Scheduler */;
			targetProxy = 270734261D8BA0D100547D83 /* PBXContainerItemProxy */;
		};
		270734321D8BA0D100547D83 /* PBXTargetDependency */ = {
			isa = PBXTargetDependency;
			target = 2707340E1D8BA0D100547D83 /* Scheduler */;
			targetProxy = 270734311D8BA0D100547D83 /* PBXContainerItemProxy */;
		};
/* End PBXTargetDependency section */

/* Begin PBXVariantGroup section */
		270734181D8BA0D100547D83 /* Main.storyboard */ = {
			isa = PBXVariantGroup;
			children = (
				270734191D8BA0D100547D83 /* Base */,
			);
			name = Main.storyboard;
			sourceTree = "<group>";
		};
		2707341D1D8BA0D100547D83 /* LaunchScreen.storyboard */ = {
			isa = PBXVariantGroup;
			children = (
				2707341E1D8BA0D100547D83 /* Base */,
			);
			name = LaunchScreen.storyboard;
			sourceTree = "<group>";
		};
/* End PBXVariantGroup section */

/* Begin XCBuildConfiguration section */
		270734371D8BA0D100547D83 /* Debug */ = {
			isa = XCBuildConfiguration;
			buildSettings = {
				ALWAYS_SEARCH_USER_PATHS = NO;
				CLANG_ANALYZER_NONNULL = YES;
				CLANG_CXX_LANGUAGE_STANDARD = "gnu++0x";
				CLANG_CXX_LIBRARY = "libc++";
				CLANG_ENABLE_MODULES = YES;
				CLANG_ENABLE_OBJC_ARC = YES;
				CLANG_WARN_BOOL_CONVERSION = YES;
				CLANG_WARN_CONSTANT_CONVERSION = YES;
				CLANG_WARN_DIRECT_OBJC_ISA_USAGE = YES_ERROR;
				CLANG_WARN_EMPTY_BODY = YES;
				CLANG_WARN_ENUM_CONVERSION = YES;
				CLANG_WARN_INT_CONVERSION = YES;
				CLANG_WARN_OBJC_ROOT_CLASS = YES_ERROR;
				CLANG_WARN_UNREACHABLE_CODE = YES;
				CLANG_WARN__DUPLICATE_METHOD_MATCH = YES;
				"CODE_SIGN_IDENTITY[sdk=iphoneos*]" = "iPhone Developer";
				COPY_PHASE_STRIP = NO;
				DEBUG_INFORMATION_FORMAT = dwarf;
				ENABLE_STRICT_OBJC_MSGSEND = YES;
				ENABLE_TESTABILITY = YES;
				GCC_C_LANGUAGE_STANDARD = gnu99;
				GCC_DYNAMIC_NO_PIC = NO;
				GCC_NO_COMMON_BLOCKS = YES;
				GCC_OPTIMIZATION_LEVEL = 0;
				GCC_PREPROCESSOR_DEFINITIONS = (
					"DEBUG=1",
					"$(inherited)",
				);
				GCC_WARN_64_TO_32_BIT_CONVERSION = YES;
				GCC_WARN_ABOUT_RETURN_TYPE = YES_ERROR;
				GCC_WARN_UNDECLARED_SELECTOR = YES;
				GCC_WARN_UNINITIALIZED_AUTOS = YES_AGGRESSIVE;
				GCC_WARN_UNUSED_FUNCTION = YES;
				GCC_WARN_UNUSED_VARIABLE = YES;
				IPHONEOS_DEPLOYMENT_TARGET = 9.3;
				MTL_ENABLE_DEBUG_INFO = YES;
				ONLY_ACTIVE_ARCH = YES;
				SDKROOT = iphoneos;
				SWIFT_OPTIMIZATION_LEVEL = "-Onone";
				TARGETED_DEVICE_FAMILY = "1,2";
			};
			name = Debug;
		};
		270734381D8BA0D100547D83 /* Release */ = {
			isa = XCBuildConfiguration;
			buildSettings = {
				ALWAYS_SEARCH_USER_PATHS = NO;
				CLANG_ANALYZER_NONNULL = YES;
				CLANG_CXX_LANGUAGE_STANDARD = "gnu++0x";
				CLANG_CXX_LIBRARY = "libc++";
				CLANG_ENABLE_MODULES = YES;
				CLANG_ENABLE_OBJC_ARC = YES;
				CLANG_WARN_BOOL_CONVERSION = YES;
				CLANG_WARN_CONSTANT_CONVERSION = YES;
				CLANG_WARN_DIRECT_OBJC_ISA_USAGE = YES_ERROR;
				CLANG_WARN_EMPTY_BODY = YES;
				CLANG_WARN_ENUM_CONVERSION = YES;
				CLANG_WARN_INT_CONVERSION = YES;
				CLANG_WARN_OBJC_ROOT_CLASS = YES_ERROR;
				CLANG_WARN_UNREACHABLE_CODE = YES;
				CLANG_WARN__DUPLICATE_METHOD_MATCH = YES;
				"CODE_SIGN_IDENTITY[sdk=iphoneos*]" = "iPhone Developer";
				COPY_PHASE_STRIP = NO;
				DEBUG_INFORMATION_FORMAT = "dwarf-with-dsym";
				ENABLE_NS_ASSERTIONS = NO;
				ENABLE_STRICT_OBJC_MSGSEND = YES;
				GCC_C_LANGUAGE_STANDARD = gnu99;
				GCC_NO_COMMON_BLOCKS = YES;
				GCC_WARN_64_TO_32_BIT_CONVERSION = YES;
				GCC_WARN_ABOUT_RETURN_TYPE = YES_ERROR;
				GCC_WARN_UNDECLARED_SELECTOR = YES;
				GCC_WARN_UNINITIALIZED_AUTOS = YES_AGGRESSIVE;
				GCC_WARN_UNUSED_FUNCTION = YES;
				GCC_WARN_UNUSED_VARIABLE = YES;
				IPHONEOS_DEPLOYMENT_TARGET = 9.3;
				MTL_ENABLE_DEBUG_INFO = NO;
				SDKROOT = iphoneos;
				TARGETED_DEVICE_FAMILY = "1,2";
				VALIDATE_PRODUCT = YES;
			};
			name = Release;
		};
		2707343A1D8BA0D100547D83 /* Debug */ = {
			isa = XCBuildConfiguration;
			baseConfigurationReference = 8605F47E7A10DED3185F9B5B /* Pods-Scheduler.debug.xcconfig */;
			buildSettings = {
				ASSETCATALOG_COMPILER_APPICON_NAME = AppIcon;
				INFOPLIST_FILE = Scheduler/Info.plist;
				IPHONEOS_DEPLOYMENT_TARGET = 9.2;
				LD_RUNPATH_SEARCH_PATHS = "$(inherited) @executable_path/Frameworks";
				PRODUCT_BUNDLE_IDENTIFIER = "Vishnu-Thiagarajan.Scheduler";
				PRODUCT_NAME = "$(TARGET_NAME)";
			};
			name = Debug;
		};
		2707343B1D8BA0D100547D83 /* Release */ = {
			isa = XCBuildConfiguration;
			baseConfigurationReference = 1FA6856D7C969F72F9E90246 /* Pods-Scheduler.release.xcconfig */;
			buildSettings = {
				ASSETCATALOG_COMPILER_APPICON_NAME = AppIcon;
				INFOPLIST_FILE = Scheduler/Info.plist;
				IPHONEOS_DEPLOYMENT_TARGET = 9.2;
				LD_RUNPATH_SEARCH_PATHS = "$(inherited) @executable_path/Frameworks";
				PRODUCT_BUNDLE_IDENTIFIER = "Vishnu-Thiagarajan.Scheduler";
				PRODUCT_NAME = "$(TARGET_NAME)";
			};
			name = Release;
		};
		2707343D1D8BA0D100547D83 /* Debug */ = {
			isa = XCBuildConfiguration;
			baseConfigurationReference = DA7FB830482A69422B31F215 /* Pods-SchedulerTests.debug.xcconfig */;
			buildSettings = {
				BUNDLE_LOADER = "$(TEST_HOST)";
				INFOPLIST_FILE = SchedulerTests/Info.plist;
				LD_RUNPATH_SEARCH_PATHS = "$(inherited) @executable_path/Frameworks @loader_path/Frameworks";
				PRODUCT_BUNDLE_IDENTIFIER = "Vishnu-Thiagarajan.SchedulerTests";
				PRODUCT_NAME = "$(TARGET_NAME)";
				TEST_HOST = "$(BUILT_PRODUCTS_DIR)/Scheduler.app/Scheduler";
			};
			name = Debug;
		};
		2707343E1D8BA0D100547D83 /* Release */ = {
			isa = XCBuildConfiguration;
			baseConfigurationReference = 4B08259A82093D2E1F20B95E /* Pods-SchedulerTests.release.xcconfig */;
			buildSettings = {
				BUNDLE_LOADER = "$(TEST_HOST)";
				INFOPLIST_FILE = SchedulerTests/Info.plist;
				LD_RUNPATH_SEARCH_PATHS = "$(inherited) @executable_path/Frameworks @loader_path/Frameworks";
				PRODUCT_BUNDLE_IDENTIFIER = "Vishnu-Thiagarajan.SchedulerTests";
				PRODUCT_NAME = "$(TARGET_NAME)";
				TEST_HOST = "$(BUILT_PRODUCTS_DIR)/Scheduler.app/Scheduler";
			};
			name = Release;
		};
		270734401D8BA0D100547D83 /* Debug */ = {
			isa = XCBuildConfiguration;
			baseConfigurationReference = 08D4CC9A9B1A594EBE97042B /* Pods-SchedulerUITests.debug.xcconfig */;
			buildSettings = {
				INFOPLIST_FILE = SchedulerUITests/Info.plist;
				LD_RUNPATH_SEARCH_PATHS = "$(inherited) @executable_path/Frameworks @loader_path/Frameworks";
				PRODUCT_BUNDLE_IDENTIFIER = "Vishnu-Thiagarajan.SchedulerUITests";
				PRODUCT_NAME = "$(TARGET_NAME)";
				TEST_TARGET_NAME = Scheduler;
			};
			name = Debug;
		};
		270734411D8BA0D100547D83 /* Release */ = {
			isa = XCBuildConfiguration;
			baseConfigurationReference = 40CCDC38703A1B3047604A61 /* Pods-SchedulerUITests.release.xcconfig */;
			buildSettings = {
				INFOPLIST_FILE = SchedulerUITests/Info.plist;
				LD_RUNPATH_SEARCH_PATHS = "$(inherited) @executable_path/Frameworks @loader_path/Frameworks";
				PRODUCT_BUNDLE_IDENTIFIER = "Vishnu-Thiagarajan.SchedulerUITests";
				PRODUCT_NAME = "$(TARGET_NAME)";
				TEST_TARGET_NAME = Scheduler;
			};
			name = Release;
		};
/* End XCBuildConfiguration section */

/* Begin XCConfigurationList section */
		2707340A1D8BA0D100547D83 /* Build configuration list for PBXProject "Scheduler" */ = {
			isa = XCConfigurationList;
			buildConfigurations = (
				270734371D8BA0D100547D83 /* Debug */,
				270734381D8BA0D100547D83 /* Release */,
			);
			defaultConfigurationIsVisible = 0;
			defaultConfigurationName = Release;
		};
		270734391D8BA0D100547D83 /* Build configuration list for PBXNativeTarget "Scheduler" */ = {
			isa = XCConfigurationList;
			buildConfigurations = (
				2707343A1D8BA0D100547D83 /* Debug */,
				2707343B1D8BA0D100547D83 /* Release */,
			);
			defaultConfigurationIsVisible = 0;
			defaultConfigurationName = Release;
		};
		2707343C1D8BA0D100547D83 /* Build configuration list for PBXNativeTarget "SchedulerTests" */ = {
			isa = XCConfigurationList;
			buildConfigurations = (
				2707343D1D8BA0D100547D83 /* Debug */,
				2707343E1D8BA0D100547D83 /* Release */,
			);
			defaultConfigurationIsVisible = 0;
			defaultConfigurationName = Release;
		};
		2707343F1D8BA0D100547D83 /* Build configuration list for PBXNativeTarget "SchedulerUITests" */ = {
			isa = XCConfigurationList;
			buildConfigurations = (
				270734401D8BA0D100547D83 /* Debug */,
				270734411D8BA0D100547D83 /* Release */,
			);
			defaultConfigurationIsVisible = 0;
			defaultConfigurationName = Release;
		};
/* End XCConfigurationList section */
	};
	rootObject = 270734071D8BA0D100547D83 /* Project object */;
}
